// !$*UTF8*$!
{
	archiveVersion = 1;
	classes = {
	};
	objectVersion = 46;
	objects = {

/* Begin PBXBuildFile section */
		A235900D1F7A2B9200E5F75F /* main.m in Sources */ = {isa = PBXBuildFile; fileRef = A235900C1F7A2B9200E5F75F /* main.m */; };
		A23590151F7A2BB300E5F75F /* Rectangle.m in Sources */ = {isa = PBXBuildFile; fileRef = A23590141F7A2BB300E5F75F /* Rectangle.m */; };
		A23590181F7A2E6F00E5F75F /* Square.m in Sources */ = {isa = PBXBuildFile; fileRef = A23590171F7A2E6F00E5F75F /* Square.m */; };
		A235901B1F7A3C1B00E5F75F /* XYPoint.m in Sources */ = {isa = PBXBuildFile; fileRef = A235901A1F7A3C1B00E5F75F /* XYPoint.m */; };
/* End PBXBuildFile section */

/* Begin PBXCopyFilesBuildPhase section */
		A23590071F7A2B9200E5F75F /* CopyFiles */ = {
			isa = PBXCopyFilesBuildPhase;
			buildActionMask = 2147483647;
			dstPath = /usr/share/man/man1/;
			dstSubfolderSpec = 0;
			files = (
			);
			runOnlyForDeploymentPostprocessing = 1;
		};
/* End PBXCopyFilesBuildPhase section */

/* Begin PBXFileReference section */
		A23590091F7A2B9200E5F75F /* demo8_3 */ = {isa = PBXFileReference; explicitFileType = "compiled.mach-o.executable"; includeInIndex = 0; path = demo8_3; sourceTree = BUILT_PRODUCTS_DIR; };
		A235900C1F7A2B9200E5F75F /* main.m */ = {isa = PBXFileReference; lastKnownFileType = sourcecode.c.objc; path = main.m; sourceTree = "<group>"; };
		A23590131F7A2BB300E5F75F /* Rectangle.h */ = {isa = PBXFileReference; fileEncoding = 4; lastKnownFileType = sourcecode.c.h; path = Rectangle.h; sourceTree = "<group>"; };
		A23590141F7A2BB300E5F75F /* Rectangle.m */ = {isa = PBXFileReference; fileEncoding = 4; lastKnownFileType = sourcecode.c.objc; path = Rectangle.m; sourceTree = "<group>"; };
		A23590161F7A2E6F00E5F75F /* Square.h */ = {isa = PBXFileReference; fileEncoding = 4; lastKnownFileType = sourcecode.c.h; path = Square.h; sourceTree = "<group>"; };
		A23590171F7A2E6F00E5F75F /* Square.m */ = {isa = PBXFileReference; fileEncoding = 4; lastKnownFileType = sourcecode.c.objc; path = Square.m; sourceTree = "<group>"; };
		A23590191F7A3C1B00E5F75F /* XYPoint.h */ = {isa = PBXFileReference; fileEncoding = 4; lastKnownFileType = sourcecode.c.h; path = XYPoint.h; sourceTree = "<group>"; };
		A235901A1F7A3C1B00E5F75F /* XYPoint.m */ = {isa = PBXFileReference; fileEncoding = 4; lastKnownFileType = sourcecode.c.objc; path = XYPoint.m; sourceTree = "<group>"; };
/* End PBXFileReference section */

/* Begin PBXFrameworksBuildPhase section */
		A23590061F7A2B9200E5F75F /* Frameworks */ = {
			isa = PBXFrameworksBuildPhase;
			buildActionMask = 2147483647;
			files = (
			);
			runOnlyForDeploymentPostprocessing = 0;
		};
/* End PBXFrameworksBuildPhase section */

/* Begin PBXGroup section */
		A23590001F7A2B9200E5F75F = {
			isa = PBXGroup;
			children = (
				A235900B1F7A2B9200E5F75F /* demo8_3 */,
				A235900A1F7A2B9200E5F75F /* Products */,
			);
			sourceTree = "<group>";
		};
		A235900A1F7A2B9200E5F75F /* Products */ = {
			isa = PBXGroup;
			children = (
				A23590091F7A2B9200E5F75F /* demo8_3 */,
			);
			name = Products;
			sourceTree = "<group>";
		};
		A235900B1F7A2B9200E5F75F /* demo8_3 */ = {
			isa = PBXGroup;
			children = (
				A235900C1F7A2B9200E5F75F /* main.m */,
				A23590131F7A2BB300E5F75F /* Rectangle.h */,
				A23590141F7A2BB300E5F75F /* Rectangle.m */,
				A23590161F7A2E6F00E5F75F /* Square.h */,
				A23590171F7A2E6F00E5F75F /* Square.m */,
				A23590191F7A3C1B00E5F75F /* XYPoint.h */,
				A235901A1F7A3C1B00E5F75F /* XYPoint.m */,
			);
			path = demo8_3;
			sourceTree = "<group>";
		};
/* End PBXGroup section */

/* Begin PBXNativeTarget section */
		A23590081F7A2B9200E5F75F /* demo8_3 */ = {
			isa = PBXNativeTarget;
			buildConfigurationList = A23590101F7A2B9200E5F75F /* Build configuration list for PBXNativeTarget "demo8_3" */;
			buildPhases = (
				A23590051F7A2B9200E5F75F /* Sources */,
				A23590061F7A2B9200E5F75F /* Frameworks */,
				A23590071F7A2B9200E5F75F /* CopyFiles */,
			);
			buildRules = (
			);
			dependencies = (
			);
			name = demo8_3;
			productName = demo8_3;
			productReference = A23590091F7A2B9200E5F75F /* demo8_3 */;
			productType = "com.apple.product-type.tool";
		};
/* End PBXNativeTarget section */

/* Begin PBXProject section */
		A23590011F7A2B9200E5F75F /* Project object */ = {
			isa = PBXProject;
			attributes = {
				LastUpgradeCheck = 0830;
				ORGANIZATIONNAME = ggz;
				TargetAttributes = {
					A23590081F7A2B9200E5F75F = {
						CreatedOnToolsVersion = 8.3.3;
						ProvisioningStyle = Automatic;
					};
				};
			};
			buildConfigurationList = A23590041F7A2B9200E5F75F /* Build configuration list for PBXProject "demo8_3" */;
			compatibilityVersion = "Xcode 3.2";
			developmentRegion = English;
			hasScannedForEncodings = 0;
			knownRegions = (
				en,
			);
			mainGroup = A23590001F7A2B9200E5F75F;
			productRefGroup = A235900A1F7A2B9200E5F75F /* Products */;
			projectDirPath = "";
			projectRoot = "";
			targets = (
				A23590081F7A2B9200E5F75F /* demo8_3 */,
			);
		};
/* End PBXProject section */

/* Begin PBXSourcesBuildPhase section */
		A23590051F7A2B9200E5F75F /* Sources */ = {
			isa = PBXSourcesBuildPhase;
			buildActionMask = 2147483647;
			files = (
				A23590181F7A2E6F00E5F75F /* Square.m in Sources */,
				A235900D1F7A2B9200E5F75F /* main.m in Sources */,
				A23590151F7A2BB300E5F75F /* Rectangle.m in Sources */,
				A235901B1F7A3C1B00E5F75F /* XYPoint.m in Sources */,
			);
			runOnlyForDeploymentPostprocessing = 0;
		};
/* End PBXSourcesBuildPhase section */

/* Begin XCBuildConfiguration section */
		A235900E1F7A2B9200E5F75F /* Debug */ = {
			isa = XCBuildConfiguration;
			buildSettings = {
				ALWAYS_SEARCH_USER_PATHS = NO;
				CLANG_ANALYZER_NONNULL = YES;
				CLANG_ANALYZER_NUMBER_OBJECT_CONVERSION = YES_AGGRESSIVE;
				CLANG_CXX_LANGUAGE_STANDARD = "gnu++0x";
				CLANG_CXX_LIBRARY = "libc++";
				CLANG_ENABLE_MODULES = YES;
				CLANG_ENABLE_OBJC_ARC = YES;
				CLANG_WARN_BOOL_CONVERSION = YES;
				CLANG_WARN_CONSTANT_CONVERSION = YES;
				CLANG_WARN_DIRECT_OBJC_ISA_USAGE = YES_ERROR;
				CLANG_WARN_DOCUMENTATION_COMMENTS = YES;
				CLANG_WARN_EMPTY_BODY = YES;
				CLANG_WARN_ENUM_CONVERSION = YES;
				CLANG_WARN_INFINITE_RECURSION = YES;
				CLANG_WARN_INT_CONVERSION = YES;
				CLANG_WARN_OBJC_ROOT_CLASS = YES_ERROR;
				CLANG_WARN_SUSPICIOUS_MOVE = YES;
				CLANG_WARN_UNREACHABLE_CODE = YES;
				CLANG_WARN__DUPLICATE_METHOD_MATCH = YES;
				CODE_SIGN_IDENTITY = "-";
				COPY_PHASE_STRIP = NO;
				DEBUG_INFORMATION_FORMAT = dwarf;
				ENABLE_STRICT_OBJC_MSGSEND = YES;
				ENABLE_TESTABILITY = YES;
				GCC_C_LANGUAGE_STANDARD = gnu99;
				GCC_DYNAMIC_NO_PIC = NO;
				GCC_NO_COMMON_BLOCKS = YES;
				GCC_OPTIMIZATION_LEVEL = 0;
				GCC_PREPROCESSOR_DEFINITIONS = (
					"DEBUG=1",
					"$(inherited)",
				);
				GCC_WARN_64_TO_32_BIT_CONVERSION = YES;
				GCC_WARN_ABOUT_RETURN_TYPE = YES_ERROR;
				GCC_WARN_UNDECLARED_SELECTOR = YES;
				GCC_WARN_UNINITIALIZED_AUTOS = YES_AGGRESSIVE;
				GCC_WARN_UNUSED_FUNCTION = YES;
				GCC_WARN_UNUSED_VARIABLE = YES;
				MACOSX_DEPLOYMENT_TARGET = 10.12;
				MTL_ENABLE_DEBUG_INFO = YES;
				ONLY_ACTIVE_ARCH = YES;
				SDKROOT = macosx;
			};
			name = Debug;
		};
		A235900F1F7A2B9200E5F75F /* Release */ = {
			isa = XCBuildConfiguration;
			buildSettings = {
				ALWAYS_SEARCH_USER_PATHS = NO;
				CLANG_ANALYZER_NONNULL = YES;
				CLANG_ANALYZER_NUMBER_OBJECT_CONVERSION = YES_AGGRESSIVE;
				CLANG_CXX_LANGUAGE_STANDARD = "gnu++0x";
				CLANG_CXX_LIBRARY = "libc++";
				CLANG_ENABLE_MODULES = YES;
				CLANG_ENABLE_OBJC_ARC = YES;
				CLANG_WARN_BOOL_CONVERSION = YES;
				CLANG_WARN_CONSTANT_CONVERSION = YES;
				CLANG_WARN_DIRECT_OBJC_ISA_USAGE = YES_ERROR;
				CLANG_WARN_DOCUMENTATION_COMMENTS = YES;
				CLANG_WARN_EMPTY_BODY = YES;
				CLANG_WARN_ENUM_CONVERSION = YES;
				CLANG_WARN_INFINITE_RECURSION = YES;
				CLANG_WARN_INT_CONVERSION = YES;
				CLANG_WARN_OBJC_ROOT_CLASS = YES_ERROR;
				CLANG_WARN_SUSPICIOUS_MOVE = YES;
				CLANG_WARN_UNREACHABLE_CODE = YES;
				CLANG_WARN__DUPLICATE_METHOD_MATCH = YES;
				CODE_SIGN_IDENTITY = "-";
				COPY_PHASE_STRIP = NO;
				DEBUG_INFORMATION_FORMAT = "dwarf-with-dsym";
				ENABLE_NS_ASSERTIONS = NO;
				ENABLE_STRICT_OBJC_MSGSEND = YES;
				GCC_C_LANGUAGE_STANDARD = gnu99;
				GCC_NO_COMMON_BLOCKS = YES;
				GCC_WARN_64_TO_32_BIT_CONVERSION = YES;
				GCC_WARN_ABOUT_RETURN_TYPE = YES_ERROR;
				GCC_WARN_UNDECLARED_SELECTOR = YES;
				GCC_WARN_UNINITIALIZED_AUTOS = YES_AGGRESSIVE;
				GCC_WARN_UNUSED_FUNCTION = YES;
				GCC_WARN_UNUSED_VARIABLE = YES;
				MACOSX_DEPLOYMENT_TARGET = 10.12;
				MTL_ENABLE_DEBUG_INFO = NO;
				SDKROOT = macosx;
			};
			name = Release;
		};
		A23590111F7A2B9200E5F75F /* Debug */ = {
			isa = XCBuildConfiguration;
			buildSettings = {
				PRODUCT_NAME = "$(TARGET_NAME)";
			};
			name = Debug;
		};
		A23590121F7A2B9200E5F75F /* Release */ = {
			isa = XCBuildConfiguration;
			buildSettings = {
				PRODUCT_NAME = "$(TARGET_NAME)";
			};
			name = Release;
		};
/* End XCBuildConfiguration section */

/* Begin XCConfigurationList section */
		A23590041F7A2B9200E5F75F /* Build configuration list for PBXProject "demo8_3" */ = {
			isa = XCConfigurationList;
			buildConfigurations = (
				A235900E1F7A2B9200E5F75F /* Debug */,
				A235900F1F7A2B9200E5F75F /* Release */,
			);
			defaultConfigurationIsVisible = 0;
			defaultConfigurationName = Release;
		};
		A23590101F7A2B9200E5F75F /* Build configuration list for PBXNativeTarget "demo8_3" */ = {
			isa = XCConfigurationList;
			buildConfigurations = (
				A23590111F7A2B9200E5F75F /* Debug */,
				A23590121F7A2B9200E5F75F /* Release */,
			);
			defaultConfigurationIsVisible = 0;
		};
/* End XCConfigurationList section */
	};
	rootObject = A23590011F7A2B9200E5F75F /* Project object */;
}
